// !$*UTF8*$!
{
	archiveVersion = 1;
	classes = {
	};
	objectVersion = 46;
	objects = {

/* Begin PBXBuildFile section */
		C0BB55771AEE8C850084259C /* AppDelegate.swift in Sources */ = {isa = PBXBuildFile; fileRef = C0BB55761AEE8C850084259C /* AppDelegate.swift */; };
		C0BB55791AEE8C850084259C /* ViewController.swift in Sources */ = {isa = PBXBuildFile; fileRef = C0BB55781AEE8C850084259C /* ViewController.swift */; };
		C0BB557C1AEE8C850084259C /* Main.storyboard in Resources */ = {isa = PBXBuildFile; fileRef = C0BB557A1AEE8C850084259C /* Main.storyboard */; };
		C0BB557E1AEE8C850084259C /* Images.xcassets in Resources */ = {isa = PBXBuildFile; fileRef = C0BB557D1AEE8C850084259C /* Images.xcassets */; };
		C0BB55811AEE8C850084259C /* LaunchScreen.xib in Resources */ = {isa = PBXBuildFile; fileRef = C0BB557F1AEE8C850084259C /* LaunchScreen.xib */; };
		C0BB558D1AEE8C850084259C /* QRCodeGenTests.swift in Sources */ = {isa = PBXBuildFile; fileRef = C0BB558C1AEE8C850084259C /* QRCodeGenTests.swift */; };
/* End PBXBuildFile section */

/* Begin PBXContainerItemProxy section */
		C0BB55871AEE8C850084259C /* PBXContainerItemProxy */ = {
			isa = PBXContainerItemProxy;
			containerPortal = C0BB55691AEE8C850084259C /* Project object */;
			proxyType = 1;
			remoteGlobalIDString = C0BB55701AEE8C850084259C;
			remoteInfo = QRCodeGen;
		};
/* End PBXContainerItemProxy section */

/* Begin PBXFileReference section */
		C0BB55711AEE8C850084259C /* QRCodeGen.app */ = {isa = PBXFileReference; explicitFileType = wrapper.application; includeInIndex = 0; path = QRCodeGen.app; sourceTree = BUILT_PRODUCTS_DIR; };
		C0BB55751AEE8C850084259C /* Info.plist */ = {isa = PBXFileReference; lastKnownFileType = text.plist.xml; path = Info.plist; sourceTree = "<group>"; };
		C0BB55761AEE8C850084259C /* AppDelegate.swift */ = {isa = PBXFileReference; lastKnownFileType = sourcecode.swift; path = AppDelegate.swift; sourceTree = "<group>"; };
		C0BB55781AEE8C850084259C /* ViewController.swift */ = {isa = PBXFileReference; lastKnownFileType = sourcecode.swift; path = ViewController.swift; sourceTree = "<group>"; };
		C0BB557B1AEE8C850084259C /* Base */ = {isa = PBXFileReference; lastKnownFileType = file.storyboard; name = Base; path = Base.lproj/Main.storyboard; sourceTree = "<group>"; };
		C0BB557D1AEE8C850084259C /* Images.xcassets */ = {isa = PBXFileReference; lastKnownFileType = folder.assetcatalog; path = Images.xcassets; sourceTree = "<group>"; };
		C0BB55801AEE8C850084259C /* Base */ = {isa = PBXFileReference; lastKnownFileType = file.xib; name = Base; path = Base.lproj/LaunchScreen.xib; sourceTree = "<group>"; };
		C0BB55861AEE8C850084259C /* QRCodeGenTests.xctest */ = {isa = PBXFileReference; explicitFileType = wrapper.cfbundle; includeInIndex = 0; path = QRCodeGenTests.xctest; sourceTree = BUILT_PRODUCTS_DIR; };
		C0BB558B1AEE8C850084259C /* Info.plist */ = {isa = PBXFileReference; lastKnownFileType = text.plist.xml; path = Info.plist; sourceTree = "<group>"; };
		C0BB558C1AEE8C850084259C /* QRCodeGenTests.swift */ = {isa = PBXFileReference; lastKnownFileType = sourcecode.swift; path = QRCodeGenTests.swift; sourceTree = "<group>"; };
/* End PBXFileReference section */

/* Begin PBXFrameworksBuildPhase section */
		C0BB556E1AEE8C850084259C /* Frameworks */ = {
			isa = PBXFrameworksBuildPhase;
			buildActionMask = 2147483647;
			files = (
			);
			runOnlyForDeploymentPostprocessing = 0;
		};
		C0BB55831AEE8C850084259C /* Frameworks */ = {
			isa = PBXFrameworksBuildPhase;
			buildActionMask = 2147483647;
			files = (
			);
			runOnlyForDeploymentPostprocessing = 0;
		};
/* End PBXFrameworksBuildPhase section */

/* Begin PBXGroup section */
		C0BB55681AEE8C850084259C = {
			isa = PBXGroup;
			children = (
				C0BB55731AEE8C850084259C /* QRCodeGen */,
				C0BB55891AEE8C850084259C /* QRCodeGenTests */,
				C0BB55721AEE8C850084259C /* Products */,
			);
			sourceTree = "<group>";
		};
		C0BB55721AEE8C850084259C /* Products */ = {
			isa = PBXGroup;
			children = (
				C0BB55711AEE8C850084259C /* QRCodeGen.app */,
				C0BB55861AEE8C850084259C /* QRCodeGenTests.xctest */,
			);
			name = Products;
			sourceTree = "<group>";
		};
		C0BB55731AEE8C850084259C /* QRCodeGen */ = {
			isa = PBXGroup;
			children = (
				C0BB55761AEE8C850084259C /* AppDelegate.swift */,
				C0BB55781AEE8C850084259C /* ViewController.swift */,
				C0BB557A1AEE8C850084259C /* Main.storyboard */,
				C0BB557D1AEE8C850084259C /* Images.xcassets */,
				C0BB557F1AEE8C850084259C /* LaunchScreen.xib */,
				C0BB55741AEE8C850084259C /* Supporting Files */,
			);
			path = QRCodeGen;
			sourceTree = "<group>";
		};
		C0BB55741AEE8C850084259C /* Supporting Files */ = {
			isa = PBXGroup;
			children = (
				C0BB55751AEE8C850084259C /* Info.plist */,
			);
			name = "Supporting Files";
			sourceTree = "<group>";
		};
		C0BB55891AEE8C850084259C /* QRCodeGenTests */ = {
			isa = PBXGroup;
			children = (
				C0BB558C1AEE8C850084259C /* QRCodeGenTests.swift */,
				C0BB558A1AEE8C850084259C /* Supporting Files */,
			);
			path = QRCodeGenTests;
			sourceTree = "<group>";
		};
		C0BB558A1AEE8C850084259C /* Supporting Files */ = {
			isa = PBXGroup;
			children = (
				C0BB558B1AEE8C850084259C /* Info.plist */,
			);
			name = "Supporting Files";
			sourceTree = "<group>";
		};
/* End PBXGroup section */

/* Begin PBXNativeTarget section */
		C0BB55701AEE8C850084259C /* QRCodeGen */ = {
			isa = PBXNativeTarget;
			buildConfigurationList = C0BB55901AEE8C850084259C /* Build configuration list for PBXNativeTarget "QRCodeGen" */;
			buildPhases = (
				C0BB556D1AEE8C850084259C /* Sources */,
				C0BB556E1AEE8C850084259C /* Frameworks */,
				C0BB556F1AEE8C850084259C /* Resources */,
			);
			buildRules = (
			);
			dependencies = (
			);
			name = QRCodeGen;
			productName = QRCodeGen;
			productReference = C0BB55711AEE8C850084259C /* QRCodeGen.app */;
			productType = "com.apple.product-type.application";
		};
		C0BB55851AEE8C850084259C /* QRCodeGenTests */ = {
			isa = PBXNativeTarget;
			buildConfigurationList = C0BB55931AEE8C850084259C /* Build configuration list for PBXNativeTarget "QRCodeGenTests" */;
			buildPhases = (
				C0BB55821AEE8C850084259C /* Sources */,
				C0BB55831AEE8C850084259C /* Frameworks */,
				C0BB55841AEE8C850084259C /* Resources */,
			);
			buildRules = (
			);
			dependencies = (
				C0BB55881AEE8C850084259C /* PBXTargetDependency */,
			);
			name = QRCodeGenTests;
			productName = QRCodeGenTests;
			productReference = C0BB55861AEE8C850084259C /* QRCodeGenTests.xctest */;
			productType = "com.apple.product-type.bundle.unit-test";
		};
/* End PBXNativeTarget section */

/* Begin PBXProject section */
		C0BB55691AEE8C850084259C /* Project object */ = {
			isa = PBXProject;
			attributes = {
				LastUpgradeCheck = 0630;
				ORGANIZATIONNAME = Appcoda;
				TargetAttributes = {
					C0BB55701AEE8C850084259C = {
						CreatedOnToolsVersion = 6.3;
					};
					C0BB55851AEE8C850084259C = {
						CreatedOnToolsVersion = 6.3;
						TestTargetID = C0BB55701AEE8C850084259C;
					};
				};
			};
			buildConfigurationList = C0BB556C1AEE8C850084259C /* Build configuration list for PBXProject "QRCodeGen" */;
			compatibilityVersion = "Xcode 3.2";
			developmentRegion = English;
			hasScannedForEncodings = 0;
			knownRegions = (
				en,
				Base,
			);
			mainGroup = C0BB55681AEE8C850084259C;
			productRefGroup = C0BB55721AEE8C850084259C /* Products */;
			projectDirPath = "";
			projectRoot = "";
			targets = (
				C0BB55701AEE8C850084259C /* QRCodeGen */,
				C0BB55851AEE8C850084259C /* QRCodeGenTests */,
			);
		};
/* End PBXProject section */

/* Begin PBXResourcesBuildPhase section */
		C0BB556F1AEE8C850084259C /* Resources */ = {
			isa = PBXResourcesBuildPhase;
			buildActionMask = 2147483647;
			files = (
				C0BB557C1AEE8C850084259C /* Main.storyboard in Resources */,
				C0BB55811AEE8C850084259C /* LaunchScreen.xib in Resources */,
				C0BB557E1AEE8C850084259C /* Images.xcassets in Resources */,
			);
			runOnlyForDeploymentPostprocessing = 0;
		};
		C0BB55841AEE8C850084259C /* Resources */ = {
			isa = PBXResourcesBuildPhase;
			buildActionMask = 2147483647;
			files = (
			);
			runOnlyForDeploymentPostprocessing = 0;
		};
/* End PBXResourcesBuildPhase section */

/* Begin PBXSourcesBuildPhase section */
		C0BB556D1AEE8C850084259C /* Sources */ = {
			isa = PBXSourcesBuildPhase;
			buildActionMask = 2147483647;
			files = (
				C0BB55791AEE8C850084259C /* ViewController.swift in Sources */,
				C0BB55771AEE8C850084259C /* AppDelegate.swift in Sources */,
			);
			runOnlyForDeploymentPostprocessing = 0;
		};
		C0BB55821AEE8C850084259C /* Sources */ = {
			isa = PBXSourcesBuildPhase;
			buildActionMask = 2147483647;
			files = (
				C0BB558D1AEE8C850084259C /* QRCodeGenTests.swift in Sources */,
			);
			runOnlyForDeploymentPostprocessing = 0;
		};
/* End PBXSourcesBuildPhase section */

/* Begin PBXTargetDependency section */
		C0BB55881AEE8C850084259C /* PBXTargetDependency */ = {
			isa = PBXTargetDependency;
			target = C0BB55701AEE8C850084259C /* QRCodeGen */;
			targetProxy = C0BB55871AEE8C850084259C /* PBXContainerItemProxy */;
		};
/* End PBXTargetDependency section */

/* Begin PBXVariantGroup section */
		C0BB557A1AEE8C850084259C /* Main.storyboard */ = {
			isa = PBXVariantGroup;
			children = (
				C0BB557B1AEE8C850084259C /* Base */,
			);
			name = Main.storyboard;
			sourceTree = "<group>";
		};
		C0BB557F1AEE8C850084259C /* LaunchScreen.xib */ = {
			isa = PBXVariantGroup;
			children = (
				C0BB55801AEE8C850084259C /* Base */,
			);
			name = LaunchScreen.xib;
			sourceTree = "<group>";
		};
/* End PBXVariantGroup section */

/* Begin XCBuildConfiguration section */
		C0BB558E1AEE8C850084259C /* Debug */ = {
			isa = XCBuildConfiguration;
			buildSettings = {
				ALWAYS_SEARCH_USER_PATHS = NO;
				CLANG_CXX_LANGUAGE_STANDARD = "gnu++0x";
				CLANG_CXX_LIBRARY = "libc++";
				CLANG_ENABLE_MODULES = YES;
				CLANG_ENABLE_OBJC_ARC = YES;
				CLANG_WARN_BOOL_CONVERSION = YES;
				CLANG_WARN_CONSTANT_CONVERSION = YES;
				CLANG_WARN_DIRECT_OBJC_ISA_USAGE = YES_ERROR;
				CLANG_WARN_EMPTY_BODY = YES;
				CLANG_WARN_ENUM_CONVERSION = YES;
				CLANG_WARN_INT_CONVERSION = YES;
				CLANG_WARN_OBJC_ROOT_CLASS = YES_ERROR;
				CLANG_WARN_UNREACHABLE_CODE = YES;
				CLANG_WARN__DUPLICATE_METHOD_MATCH = YES;
				"CODE_SIGN_IDENTITY[sdk=iphoneos*]" = "iPhone Developer";
				COPY_PHASE_STRIP = NO;
				DEBUG_INFORMATION_FORMAT = "dwarf-with-dsym";
				ENABLE_STRICT_OBJC_MSGSEND = YES;
				GCC_C_LANGUAGE_STANDARD = gnu99;
				GCC_DYNAMIC_NO_PIC = NO;
				GCC_NO_COMMON_BLOCKS = YES;
				GCC_OPTIMIZATION_LEVEL = 0;
				GCC_PREPROCESSOR_DEFINITIONS = (
					"DEBUG=1",
					"$(inherited)",
				);
				GCC_SYMBOLS_PRIVATE_EXTERN = NO;
				GCC_WARN_64_TO_32_BIT_CONVERSION = YES;
				GCC_WARN_ABOUT_RETURN_TYPE = YES_ERROR;
				GCC_WARN_UNDECLARED_SELECTOR = YES;
				GCC_WARN_UNINITIALIZED_AUTOS = YES_AGGRESSIVE;
				GCC_WARN_UNUSED_FUNCTION = YES;
				GCC_WARN_UNUSED_VARIABLE = YES;
				IPHONEOS_DEPLOYMENT_TARGET = 8.3;
				MTL_ENABLE_DEBUG_INFO = YES;
				ONLY_ACTIVE_ARCH = YES;
				SDKROOT = iphoneos;
				SWIFT_OPTIMIZATION_LEVEL = "-Onone";
			};
			name = Debug;
		};
		C0BB558F1AEE8C850084259C /* Release */ = {
			isa = XCBuildConfiguration;
			buildSettings = {
				ALWAYS_SEARCH_USER_PATHS = NO;
				CLANG_CXX_LANGUAGE_STANDARD = "gnu++0x";
				CLANG_CXX_LIBRARY = "libc++";
				CLANG_ENABLE_MODULES = YES;
				CLANG_ENABLE_OBJC_ARC = YES;
				CLANG_WARN_BOOL_CONVERSION = YES;
				CLANG_WARN_CONSTANT_CONVERSION = YES;
				CLANG_WARN_DIRECT_OBJC_ISA_USAGE = YES_ERROR;
				CLANG_WARN_EMPTY_BODY = YES;
				CLANG_WARN_ENUM_CONVERSION = YES;
				CLANG_WARN_INT_CONVERSION = YES;
				CLANG_WARN_OBJC_ROOT_CLASS = YES_ERROR;
				CLANG_WARN_UNREACHABLE_CODE = YES;
				CLANG_WARN__DUPLICATE_METHOD_MATCH = YES;
				"CODE_SIGN_IDENTITY[sdk=iphoneos*]" = "iPhone Developer";
				COPY_PHASE_STRIP = NO;
				DEBUG_INFORMATION_FORMAT = "dwarf-with-dsym";
				ENABLE_NS_ASSERTIONS = NO;
				ENABLE_STRICT_OBJC_MSGSEND = YES;
				GCC_C_LANGUAGE_STANDARD = gnu99;
				GCC_NO_COMMON_BLOCKS = YES;
				GCC_WARN_64_TO_32_BIT_CONVERSION = YES;
				GCC_WARN_ABOUT_RETURN_TYPE = YES_ERROR;
				GCC_WARN_UNDECLARED_SELECTOR = YES;
				GCC_WARN_UNINITIALIZED_AUTOS = YES_AGGRESSIVE;
				GCC_WARN_UNUSED_FUNCTION = YES;
				GCC_WARN_UNUSED_VARIABLE = YES;
				IPHONEOS_DEPLOYMENT_TARGET = 8.3;
				MTL_ENABLE_DEBUG_INFO = NO;
				SDKROOT = iphoneos;
				VALIDATE_PRODUCT = YES;
			};
			name = Release;
		};
		C0BB55911AEE8C850084259C /* Debug */ = {
			isa = XCBuildConfiguration;
			buildSettings = {
				ASSETCATALOG_COMPILER_APPICON_NAME = AppIcon;
				INFOPLIST_FILE = QRCodeGen/Info.plist;
				LD_RUNPATH_SEARCH_PATHS = "$(inherited) @executable_path/Frameworks";
				PRODUCT_NAME = "$(TARGET_NAME)";
			};
			name = Debug;
		};
		C0BB55921AEE8C850084259C /* Release */ = {
			isa = XCBuildConfiguration;
			buildSettings = {
				ASSETCATALOG_COMPILER_APPICON_NAME = AppIcon;
				INFOPLIST_FILE = QRCodeGen/Info.plist;
				LD_RUNPATH_SEARCH_PATHS = "$(inherited) @executable_path/Frameworks";
				PRODUCT_NAME = "$(TARGET_NAME)";
			};
			name = Release;
		};
		C0BB55941AEE8C850084259C /* Debug */ = {
			isa = XCBuildConfiguration;
			buildSettings = {
				BUNDLE_LOADER = "$(TEST_HOST)";
				FRAMEWORK_SEARCH_PATHS = (
					"$(SDKROOT)/Developer/Library/Frameworks",
					"$(inherited)",
				);
				GCC_PREPROCESSOR_DEFINITIONS = (
					"DEBUG=1",
					"$(inherited)",
				);
				INFOPLIST_FILE = QRCodeGenTests/Info.plist;
				LD_RUNPATH_SEARCH_PATHS = "$(inherited) @executable_path/Frameworks @loader_path/Frameworks";
				PRODUCT_NAME = "$(TARGET_NAME)";
				TEST_HOST = "$(BUILT_PRODUCTS_DIR)/QRCodeGen.app/QRCodeGen";
			};
			name = Debug;
		};
		C0BB55951AEE8C850084259C /* Release */ = {
			isa = XCBuildConfiguration;
			buildSettings = {
				BUNDLE_LOADER = "$(TEST_HOST)";
				FRAMEWORK_SEARCH_PATHS = (
					"$(SDKROOT)/Developer/Library/Frameworks",
					"$(inherited)",
				);
				INFOPLIST_FILE = QRCodeGenTests/Info.plist;
				LD_RUNPATH_SEARCH_PATHS = "$(inherited) @executable_path/Frameworks @loader_path/Frameworks";
				PRODUCT_NAME = "$(TARGET_NAME)";
				TEST_HOST = "$(BUILT_PRODUCTS_DIR)/QRCodeGen.app/QRCodeGen";
			};
			name = Release;
		};
/* End XCBuildConfiguration section */

/* Begin XCConfigurationList section */
		C0BB556C1AEE8C850084259C /* Build configuration list for PBXProject "QRCodeGen" */ = {
			isa = XCConfigurationList;
			buildConfigurations = (
				C0BB558E1AEE8C850084259C /* Debug */,
				C0BB558F1AEE8C850084259C /* Release */,
			);
			defaultConfigurationIsVisible = 0;
			defaultConfigurationName = Release;
		};
		C0BB55901AEE8C850084259C /* Build configuration list for PBXNativeTarget "QRCodeGen" */ = {
			isa = XCConfigurationList;
			buildConfigurations = (
				C0BB55911AEE8C850084259C /* Debug */,
				C0BB55921AEE8C850084259C /* Release */,
			);
			defaultConfigurationIsVisible = 0;
		};
		C0BB55931AEE8C850084259C /* Build configuration list for PBXNativeTarget "QRCodeGenTests" */ = {
			isa = XCConfigurationList;
			buildConfigurations = (
				C0BB55941AEE8C850084259C /* Debug */,
				C0BB55951AEE8C850084259C /* Release */,
			);
			defaultConfigurationIsVisible = 0;
		};
/* End XCConfigurationList section */
	};
	rootObject = C0BB55691AEE8C850084259C /* Project object */;
}
